
Microsoft Visual Studio Solution File, Format Version 12.00
# Visual Studio 15
VisualStudioVersion = 15.0.27130.2036
MinimumVisualStudioVersion = 10.0.40219.1
Project("{2150E333-8FDC-42A3-9474-1A3956D46DE8}") = "src", "src", "{17070A46-661F-4A01-8B84-CE9C59173779}"
EndProject
Project("{2150E333-8FDC-42A3-9474-1A3956D46DE8}") = "Solution Items", "Solution Items", "{15E38D17-ECED-49D4-A161-38EC79E795E9}"
	ProjectSection(SolutionItems) = preProject
		.gitignore = .gitignore
	EndProjectSection
EndProject
Project("{9A19103F-16F7-4668-BE54-9A1E7A4F7556}") = "DAL", "src\DAL\DAL.csproj", "{C4C99D7C-0A91-418A-AE87-FD4EE43892D8}"
EndProject
Project("{9A19103F-16F7-4668-BE54-9A1E7A4F7556}") = "EShop", "src\EShop\EShop.csproj", "{3057C1FB-24A7-4A1F-8160-1EEE8E1353BF}"
EndProject
Global
	GlobalSection(SolutionConfigurationPlatforms) = preSolution
		Debug|Any CPU = Debug|Any CPU
		Release|Any CPU = Release|Any CPU
	EndGlobalSection
	GlobalSection(ProjectConfigurationPlatforms) = postSolution
		{C4C99D7C-0A91-418A-AE87-FD4EE43892D8}.Debug|Any CPU.ActiveCfg = Debug|Any CPU
		{C4C99D7C-0A91-418A-AE87-FD4EE43892D8}.Debug|Any CPU.Build.0 = Debug|Any CPU
		{C4C99D7C-0A91-418A-AE87-FD4EE43892D8}.Release|Any CPU.ActiveCfg = Release|Any CPU
		{C4C99D7C-0A91-418A-AE87-FD4EE43892D8}.Release|Any CPU.Build.0 = Release|Any CPU
		{3057C1FB-24A7-4A1F-8160-1EEE8E1353BF}.Debug|Any CPU.ActiveCfg = Debug|Any CPU
		{3057C1FB-24A7-4A1F-8160-1EEE8E1353BF}.Debug|Any CPU.Build.0 = Debug|Any CPU
		{3057C1FB-24A7-4A1F-8160-1EEE8E1353BF}.Release|Any CPU.ActiveCfg = Release|Any CPU
		{3057C1FB-24A7-4A1F-8160-1EEE8E1353BF}.Release|Any CPU.Build.0 = Release|Any CPU
	EndGlobalSection
	GlobalSection(SolutionProperties) = preSolution
		HideSolutionNode = FALSE
	EndGlobalSection
	GlobalSection(NestedProjects) = preSolution
		{C4C99D7C-0A91-418A-AE87-FD4EE43892D8} = {17070A46-661F-4A01-8B84-CE9C59173779}
		{3057C1FB-24A7-4A1F-8160-1EEE8E1353BF} = {17070A46-661F-4A01-8B84-CE9C59173779}
	EndGlobalSection
	GlobalSection(ExtensibilityGlobals) = postSolution
		SolutionGuid = {46C86587-3EE9-4CF2-966A-9160EF864A31}
	EndGlobalSection
EndGlobal
